
Microsoft Visual Studio Solution File, Format Version 12.00
# Visual Studio Version 16
VisualStudioVersion = 16.0.30804.86
MinimumVisualStudioVersion = 10.0.40219.1
Project("{FAE04EC0-301F-11D3-BF4B-00C04F79EFBC}") = "TotalTask", "TotalTask.csproj", "{10BA6F74-A6B5-4076-AFCB-328CEEB1691B}"
EndProject
Global
	GlobalSection(SolutionConfigurationPlatforms) = preSolution
		Debug|Any CPU = Debug|Any CPU
		Release|Any CPU = Release|Any CPU
	EndGlobalSection
	GlobalSection(ProjectConfigurationPlatforms) = postSolution
		{10BA6F74-A6B5-4076-AFCB-328CEEB1691B}.Debug|Any CPU.ActiveCfg = Debug|Any CPU
		{10BA6F74-A6B5-4076-AFCB-328CEEB1691B}.Debug|Any CPU.Build.0 = Debug|Any CPU
		{10BA6F74-A6B5-4076-AFCB-328CEEB1691B}.Release|Any CPU.ActiveCfg = Release|Any CPU
		{10BA6F74-A6B5-4076-AFCB-328CEEB1691B}.Release|Any CPU.Build.0 = Release|Any CPU
	EndGlobalSection
	GlobalSection(SolutionProperties) = preSolution
		HideSolutionNode = FALSE
	EndGlobalSection
	GlobalSection(ExtensibilityGlobals) = postSolution
		SolutionGuid = {11ADF195-71EF-49BA-985F-421316417615}
	EndGlobalSection
EndGlobal
